Microsoft Visual Studio Solution File, Format Version 11.00
# Visual Studio 2008

Project("{3FF66952-04DE-6600-C992-5824FDA7AFD5}") = "Websocket test", "Assembly-CSharp.csproj", "{095A2E90-A22F-A55C-92BA-13B5480EB623}"
EndProject
Global
	GlobalSection(SolutionConfigurationPlatforms) = preSolution
		Debug|Any CPU = Debug|Any CPU
		Release|Any CPU = Release|Any CPU
	EndGlobalSection
	GlobalSection(ProjectConfigurationPlatforms) = postSolution
		{095A2E90-A22F-A55C-92BA-13B5480EB623}.Debug|Any CPU.ActiveCfg = Debug|Any CPU
		{095A2E90-A22F-A55C-92BA-13B5480EB623}.Debug|Any CPU.Build.0 = Debug|Any CPU
		{095A2E90-A22F-A55C-92BA-13B5480EB623}.Release|Any CPU.ActiveCfg = Release|Any CPU
		{095A2E90-A22F-A55C-92BA-13B5480EB623}.Release|Any CPU.Build.0 = Release|Any CPU
	EndGlobalSection
	GlobalSection(SolutionProperties) = preSolution
		HideSolutionNode = FALSE
	EndGlobalSection
	GlobalSection(MonoDevelopProperties) = preSolution
		StartupItem = Assembly-CSharp.csproj
	EndGlobalSection
EndGlobal
